version = 1
revision = 3
requires-python = ">=3.13"

[[package]]
name = "colorama"
version = "0.4.6"
source = { registry = "https://pypi.org/simple" }
sdist = { url = "https://files.pythonhosted.org/packages/d8/53/6f443c9a4a8358a93a6792e2acffb9d9d5cb0a5cfd8802644b7b1c9a02e4/colorama-0.4.6.tar.gz", hash = "sha256:08695f5cb7ed6e0531a20572697297273c47b8cae5a63ffc6d6ed5c201be6e44", size = 27697, upload-time = "2022-10-25T02:36:22.414Z" }
wheels = [
    { url = "https://files.pythonhosted.org/packages/d1/d6/3965ed04c63042e047cb6a3e6ed1a63a35087b6a609aa3a15ed8ac56c221/colorama-0.4.6-py2.py3-none-any.whl", hash = "sha256:4f1d9991f5acc0ca119f9d443620b77f9d6b33703e51011c16baf57afb285fc6", size = 25335, upload-time = "2022-10-25T02:36:20.889Z" },
]

[[package]]
name = "iniconfig"
version = "2.1.0"
source = { registry = "https://pypi.org/simple" }
sdist = { url = "https://files.pythonhosted.org/packages/f2/97/ebf4da567aa6827c909642694d71c9fcf53e5b504f2d96afea02718862f3/iniconfig-2.1.0.tar.gz", hash = "sha256:3abbd2e30b36733fee78f9c7f7308f2d0050e88f0087fd25c2645f63c773e1c7", size = 4793, upload-time = "2025-03-19T20:09:59.721Z" }
wheels = [
    { url = "https://files.pythonhosted.org/packages/2c/e1/e6716421ea10d38022b952c159d5161ca1193197fb744506875fbb87ea7b/iniconfig-2.1.0-py3-none-any.whl", hash = "sha256:9deba5723312380e77435581c6bf4935c94cbfab9b1ed33ef8d238ea168eb760", size = 6050, upload-time = "2025-03-19T20:10:01.071Z" },
]

[[package]]
name = "orjson"
version = "3.11.3"
source = { registry = "https://pypi.org/simple" }
sdist = { url = "https://files.pythonhosted.org/packages/be/4d/8df5f83256a809c22c4d6792ce8d43bb503be0fb7a8e4da9025754b09658/orjson-3.11.3.tar.gz", hash = "sha256:1c0603b1d2ffcd43a411d64797a19556ef76958aef1c182f22dc30860152a98a", size = 5482394, upload-time = "2025-08-26T17:46:43.171Z" }
wheels = [
    { url = "https://files.pythonhosted.org/packages/fc/79/8932b27293ad35919571f77cb3693b5906cf14f206ef17546052a241fdf6/orjson-3.11.3-cp313-cp313-macosx_10_15_x86_64.macosx_11_0_arm64.macosx_10_15_universal2.whl", hash = "sha256:af40c6612fd2a4b00de648aa26d18186cd1322330bd3a3cc52f87c699e995810", size = 238127, upload-time = "2025-08-26T17:45:38.146Z" },
    { url = "https://files.pythonhosted.org/packages/1c/82/cb93cd8cf132cd7643b30b6c5a56a26c4e780c7a145db6f83de977b540ce/orjson-3.11.3-cp313-cp313-macosx_15_0_arm64.whl", hash = "sha256:9f1587f26c235894c09e8b5b7636a38091a9e6e7fe4531937534749c04face43", size = 127494, upload-time = "2025-08-26T17:45:39.57Z" },
    { url = "https://files.pythonhosted.org/packages/a4/b8/2d9eb181a9b6bb71463a78882bcac1027fd29cf62c38a40cc02fc11d3495/orjson-3.11.3-cp313-cp313-manylinux_2_17_aarch64.manylinux2014_aarch64.whl", hash = "sha256:61dcdad16da5bb486d7227a37a2e789c429397793a6955227cedbd7252eb5a27", size = 123017, upload-time = "2025-08-26T17:45:40.876Z" },
    { url = "https://files.pythonhosted.org/packages/b4/14/a0e971e72d03b509190232356d54c0f34507a05050bd026b8db2bf2c192c/orjson-3.11.3-cp313-cp313-manylinux_2_17_armv7l.manylinux2014_armv7l.whl", hash = "sha256:11c6d71478e2cbea0a709e8a06365fa63da81da6498a53e4c4f065881d21ae8f", size = 127898, upload-time = "2025-08-26T17:45:42.188Z" },
    { url = "https://files.pythonhosted.org/packages/8e/af/dc74536722b03d65e17042cc30ae586161093e5b1f29bccda24765a6ae47/orjson-3.11.3-cp313-cp313-manylinux_2_17_i686.manylinux2014_i686.whl", hash = "sha256:ff94112e0098470b665cb0ed06efb187154b63649403b8d5e9aedeb482b4548c", size = 130742, upload-time = "2025-08-26T17:45:43.511Z" },
    { url = "https://files.pythonhosted.org/packages/62/e6/7a3b63b6677bce089fe939353cda24a7679825c43a24e49f757805fc0d8a/orjson-3.11.3-cp313-cp313-manylinux_2_17_ppc64le.manylinux2014_ppc64le.whl", hash = "sha256:ae8b756575aaa2a855a75192f356bbda11a89169830e1439cfb1a3e1a6dde7be", size = 132377, upload-time = "2025-08-26T17:45:45.525Z" },
    { url = "https://files.pythonhosted.org/packages/fc/cd/ce2ab93e2e7eaf518f0fd15e3068b8c43216c8a44ed82ac2b79ce5cef72d/orjson-3.11.3-cp313-cp313-manylinux_2_17_s390x.manylinux2014_s390x.whl", hash = "sha256:c9416cc19a349c167ef76135b2fe40d03cea93680428efee8771f3e9fb66079d", size = 135313, upload-time = "2025-08-26T17:45:46.821Z" },
    { url = "https://files.pythonhosted.org/packages/d0/b4/f98355eff0bd1a38454209bbc73372ce351ba29933cb3e2eba16c04b9448/orjson-3.11.3-cp313-cp313-manylinux_2_17_x86_64.manylinux2014_x86_64.whl", hash = "sha256:b822caf5b9752bc6f246eb08124c3d12bf2175b66ab74bac2ef3bbf9221ce1b2", size = 132908, upload-time = "2025-08-26T17:45:48.126Z" },
    { url = "https://files.pythonhosted.org/packages/eb/92/8f5182d7bc2a1bed46ed960b61a39af8389f0ad476120cd99e67182bfb6d/orjson-3.11.3-cp313-cp313-musllinux_1_2_aarch64.whl", hash = "sha256:414f71e3bdd5573893bf5ecdf35c32b213ed20aa15536fe2f588f946c318824f", size = 130905, upload-time = "2025-08-26T17:45:49.414Z" },
    { url = "https://files.pythonhosted.org/packages/1a/60/c41ca753ce9ffe3d0f67b9b4c093bdd6e5fdb1bc53064f992f66bb99954d/orjson-3.11.3-cp313-cp313-musllinux_1_2_armv7l.whl", hash = "sha256:828e3149ad8815dc14468f36ab2a4b819237c155ee1370341b91ea4c8672d2ee", size = 403812, upload-time = "2025-08-26T17:45:51.085Z" },
    { url = "https://files.pythonhosted.org/packages/dd/13/e4a4f16d71ce1868860db59092e78782c67082a8f1dc06a3788aef2b41bc/orjson-3.11.3-cp313-cp313-musllinux_1_2_i686.whl", hash = "sha256:ac9e05f25627ffc714c21f8dfe3a579445a5c392a9c8ae7ba1d0e9fb5333f56e", size = 146277, upload-time = "2025-08-26T17:45:52.851Z" },
    { url = "https://files.pythonhosted.org/packages/8d/8b/bafb7f0afef9344754a3a0597a12442f1b85a048b82108ef2c956f53babd/orjson-3.11.3-cp313-cp313-musllinux_1_2_x86_64.whl", hash = "sha256:e44fbe4000bd321d9f3b648ae46e0196d21577cf66ae684a96ff90b1f7c93633", size = 135418, upload-time = "2025-08-26T17:45:54.806Z" },
    { url = "https://files.pythonhosted.org/packages/60/d4/bae8e4f26afb2c23bea69d2f6d566132584d1c3a5fe89ee8c17b718cab67/orjson-3.11.3-cp313-cp313-win32.whl", hash = "sha256:2039b7847ba3eec1f5886e75e6763a16e18c68a63efc4b029ddf994821e2e66b", size = 136216, upload-time = "2025-08-26T17:45:57.182Z" },
    { url = "https://files.pythonhosted.org/packages/88/76/224985d9f127e121c8cad882cea55f0ebe39f97925de040b75ccd4b33999/orjson-3.11.3-cp313-cp313-win_amd64.whl", hash = "sha256:29be5ac4164aa8bdcba5fa0700a3c9c316b411d8ed9d39ef8a882541bd452fae", size = 131362, upload-time = "2025-08-26T17:45:58.56Z" },
    { url = "https://files.pythonhosted.org/packages/e2/cf/0dce7a0be94bd36d1346be5067ed65ded6adb795fdbe3abd234c8d576d01/orjson-3.11.3-cp313-cp313-win_arm64.whl", hash = "sha256:18bd1435cb1f2857ceb59cfb7de6f92593ef7b831ccd1b9bfb28ca530e539dce", size = 125989, upload-time = "2025-08-26T17:45:59.95Z" },
    { url = "https://files.pythonhosted.org/packages/ef/77/d3b1fef1fc6aaeed4cbf3be2b480114035f4df8fa1a99d2dac1d40d6e924/orjson-3.11.3-cp314-cp314-macosx_10_15_x86_64.macosx_11_0_arm64.macosx_10_15_universal2.whl", hash = "sha256:cf4b81227ec86935568c7edd78352a92e97af8da7bd70bdfdaa0d2e0011a1ab4", size = 238115, upload-time = "2025-08-26T17:46:01.669Z" },
    { url = "https://files.pythonhosted.org/packages/e4/6d/468d21d49bb12f900052edcfbf52c292022d0a323d7828dc6376e6319703/orjson-3.11.3-cp314-cp314-macosx_15_0_arm64.whl", hash = "sha256:bc8bc85b81b6ac9fc4dae393a8c159b817f4c2c9dee5d12b773bddb3b95fc07e", size = 127493, upload-time = "2025-08-26T17:46:03.466Z" },
    { url = "https://files.pythonhosted.org/packages/67/46/1e2588700d354aacdf9e12cc2d98131fb8ac6f31ca65997bef3863edb8ff/orjson-3.11.3-cp314-cp314-manylinux_2_34_aarch64.whl", hash = "sha256:88dcfc514cfd1b0de038443c7b3e6a9797ffb1b3674ef1fd14f701a13397f82d", size = 122998, upload-time = "2025-08-26T17:46:04.803Z" },
    { url = "https://files.pythonhosted.org/packages/3b/94/11137c9b6adb3779f1b34fd98be51608a14b430dbc02c6d41134fbba484c/orjson-3.11.3-cp314-cp314-manylinux_2_34_x86_64.whl", hash = "sha256:d61cd543d69715d5fc0a690c7c6f8dcc307bc23abef9738957981885f5f38229", size = 132915, upload-time = "2025-08-26T17:46:06.237Z" },
    { url = "https://files.pythonhosted.org/packages/10/61/dccedcf9e9bcaac09fdabe9eaee0311ca92115699500efbd31950d878833/orjson-3.11.3-cp314-cp314-musllinux_1_2_aarch64.whl", hash = "sha256:2b7b153ed90ababadbef5c3eb39549f9476890d339cf47af563aea7e07db2451", size = 130907, upload-time = "2025-08-26T17:46:07.581Z" },
    { url = "https://files.pythonhosted.org/packages/0e/fd/0e935539aa7b08b3ca0f817d73034f7eb506792aae5ecc3b7c6e679cdf5f/orjson-3.11.3-cp314-cp314-musllinux_1_2_armv7l.whl", hash = "sha256:7909ae2460f5f494fecbcd10613beafe40381fd0316e35d6acb5f3a05bfda167", size = 403852, upload-time = "2025-08-26T17:46:08.982Z" },
    { url = "https://files.pythonhosted.org/packages/4a/2b/50ae1a5505cd1043379132fdb2adb8a05f37b3e1ebffe94a5073321966fd/orjson-3.11.3-cp314-cp314-musllinux_1_2_i686.whl", hash = "sha256:2030c01cbf77bc67bee7eef1e7e31ecf28649353987775e3583062c752da0077", size = 146309, upload-time = "2025-08-26T17:46:10.576Z" },
    { url = "https://files.pythonhosted.org/packages/cd/1d/a473c158e380ef6f32753b5f39a69028b25ec5be331c2049a2201bde2e19/orjson-3.11.3-cp314-cp314-musllinux_1_2_x86_64.whl", hash = "sha256:a0169ebd1cbd94b26c7a7ad282cf5c2744fce054133f959e02eb5265deae1872", size = 135424, upload-time = "2025-08-26T17:46:12.386Z" },
    { url = "https://files.pythonhosted.org/packages/da/09/17d9d2b60592890ff7382e591aa1d9afb202a266b180c3d4049b1ec70e4a/orjson-3.11.3-cp314-cp314-win32.whl", hash = "sha256:0c6d7328c200c349e3a4c6d8c83e0a5ad029bdc2d417f234152bf34842d0fc8d", size = 136266, upload-time = "2025-08-26T17:46:13.853Z" },
    { url = "https://files.pythonhosted.org/packages/15/58/358f6846410a6b4958b74734727e582ed971e13d335d6c7ce3e47730493e/orjson-3.11.3-cp314-cp314-win_amd64.whl", hash = "sha256:317bbe2c069bbc757b1a2e4105b64aacd3bc78279b66a6b9e51e846e4809f804", size = 131351, upload-time = "2025-08-26T17:46:15.27Z" },
    { url = "https://files.pythonhosted.org/packages/28/01/d6b274a0635be0468d4dbd9cafe80c47105937a0d42434e805e67cd2ed8b/orjson-3.11.3-cp314-cp314-win_arm64.whl", hash = "sha256:e8f6a7a27d7b7bec81bd5924163e9af03d49bbb63013f107b48eb5d16db711bc", size = 125985, upload-time = "2025-08-26T17:46:16.67Z" },
]

[[package]]
name = "packaging"
version = "25.0"
source = { registry = "https://pypi.org/simple" }
sdist = { url = "https://files.pythonhosted.org/packages/a1/d4/1fc4078c65507b51b96ca8f8c3ba19e6a61c8253c72794544580a7b6c24d/packaging-25.0.tar.gz", hash = "sha256:d443872c98d677bf60f6a1f2f8c1cb748e8fe762d2bf9d3148b5599295b0fc4f", size = 165727, upload-time = "2025-04-19T11:48:59.673Z" }
wheels = [
    { url = "https://files.pythonhosted.org/packages/20/12/38679034af332785aac8774540895e234f4d07f7545804097de4b666afd8/packaging-25.0-py3-none-any.whl", hash = "sha256:29572ef2b1f17581046b3a2227d5c611fb25ec70ca1ba8554b24b0e69331a484", size = 66469, upload-time = "2025-04-19T11:48:57.875Z" },
]

[[package]]
name = "pluggy"
version = "1.6.0"
source = { registry = "https://pypi.org/simple" }
sdist = { url = "https://files.pythonhosted.org/packages/f9/e2/3e91f31a7d2b083fe6ef3fa267035b518369d9511ffab804f839851d2779/pluggy-1.6.0.tar.gz", hash = "sha256:7dcc130b76258d33b90f61b658791dede3486c3e6bfb003ee5c9bfb396dd22f3", size = 69412, upload-time = "2025-05-15T12:30:07.975Z" }
wheels = [
    { url = "https://files.pythonhosted.org/packages/54/20/4d324d65cc6d9205fabedc306948156824eb9f0ee1633355a8f7ec5c66bf/pluggy-1.6.0-py3-none-any.whl", hash = "sha256:e920276dd6813095e9377c0bc5566d94c932c33b27a3e3945d8389c374dd4746", size = 20538, upload-time = "2025-05-15T12:30:06.134Z" },
]

[[package]]
name = "polars"
version = "1.33.1"
source = { registry = "https://pypi.org/simple" }
sdist = { url = "https://files.pythonhosted.org/packages/85/da/8246f1d69d7e49f96f0c5529057a19af1536621748ef214bbd4112c83b8e/polars-1.33.1.tar.gz", hash = "sha256:fa3fdc34eab52a71498264d6ff9b0aa6955eb4b0ae8add5d3cb43e4b84644007", size = 4822485, upload-time = "2025-09-09T08:37:49.062Z" }
wheels = [
    { url = "https://files.pythonhosted.org/packages/19/79/c51e7e1d707d8359bcb76e543a8315b7ae14069ecf5e75262a0ecb32e044/polars-1.33.1-cp39-abi3-macosx_10_12_x86_64.whl", hash = "sha256:3881c444b0f14778ba94232f077a709d435977879c1b7d7bd566b55bd1830bb5", size = 39132875, upload-time = "2025-09-09T08:36:38.609Z" },
    { url = "https://files.pythonhosted.org/packages/f8/15/1094099a1b9cb4fbff58cd8ed3af8964f4d22a5b682ea0b7bb72bf4bc3d9/polars-1.33.1-cp39-abi3-macosx_11_0_arm64.whl", hash = "sha256:29200b89c9a461e6f06fc1660bc9c848407640ee30fe0e5ef4947cfd49d55337", size = 35638783, upload-time = "2025-09-09T08:36:43.748Z" },
    { url = "https://files.pythonhosted.org/packages/8d/b9/9ac769e4d8e8f22b0f2e974914a63dd14dec1340cd23093de40f0d67d73b/polars-1.33.1-cp39-abi3-manylinux_2_17_x86_64.manylinux2014_x86_64.whl", hash = "sha256:444940646e76342abaa47f126c70e3e40b56e8e02a9e89e5c5d1c24b086db58a", size = 39742297, upload-time = "2025-09-09T08:36:47.132Z" },
    { url = "https://files.pythonhosted.org/packages/7a/26/4c5da9f42fa067b2302fe62bcbf91faac5506c6513d910fae9548fc78d65/polars-1.33.1-cp39-abi3-manylinux_2_24_aarch64.whl", hash = "sha256:094a37d06789286649f654f229ec4efb9376630645ba8963b70cb9c0b008b3e1", size = 36684940, upload-time = "2025-09-09T08:36:50.561Z" },
    { url = "https://files.pythonhosted.org/packages/06/a6/dc535da476c93b2efac619e04ab81081e004e4b4553352cd10e0d33a015d/polars-1.33.1-cp39-abi3-win_amd64.whl", hash = "sha256:c9781c704432a2276a185ee25898aa427f39a904fbe8fde4ae779596cdbd7a9e", size = 39456676, upload-time = "2025-09-09T08:36:54.612Z" },
    { url = "https://files.pythonhosted.org/packages/cb/4e/a4300d52dd81b58130ccadf3873f11b3c6de54836ad4a8f32bac2bd2ba17/polars-1.33.1-cp39-abi3-win_arm64.whl", hash = "sha256:c3cfddb3b78eae01a218222bdba8048529fef7e14889a71e33a5198644427642", size = 35445171, upload-time = "2025-09-09T08:36:58.043Z" },
]

[[package]]
name = "polars-genson"
version = "0.3.0"
source = { registry = "https://pypi.org/simple" }
dependencies = [
    { name = "orjson" },
]
sdist = { url = "https://files.pythonhosted.org/packages/c7/58/e7543dab86487572dc1647f4168247205b5582f719bc69f1182d2ccd958c/polars_genson-0.3.0.tar.gz", hash = "sha256:edb17e1185cf7095cc51c683e267b52f0fd07e66e52f9994709dd395c40e4c79", size = 24315248, upload-time = "2025-09-23T15:25:32.915Z" }
wheels = [
    { url = "https://files.pythonhosted.org/packages/1a/6d/42604404aa88768954736ded3d8e3610483788d5921f62d31b3cab51b306/polars_genson-0.3.0-cp39-abi3-macosx_10_12_x86_64.whl", hash = "sha256:d4c799ca68e944f24529a8e62da1b2995385253cf1a8c59c6210d8d59895bf72", size = 5936020, upload-time = "2025-09-23T15:25:30.852Z" },
    { url = "https://files.pythonhosted.org/packages/b5/c1/f1c55a42b6e71293f05cbceb53fd540e18b0464bac79e9bc5c74d2a9b8d8/polars_genson-0.3.0-cp39-abi3-macosx_11_0_arm64.whl", hash = "sha256:cda1934cd6e6e28a4d871c9312adb980c6019cbce7cca6b8b450c0bd43d57311", size = 5117891, upload-time = "2025-09-23T15:25:29.509Z" },
    { url = "https://files.pythonhosted.org/packages/78/59/f1375b9c84e0f9aec6978e3120da9321176724a933d205da79313e5f06ac/polars_genson-0.3.0-cp39-abi3-manylinux_2_17_x86_64.manylinux2014_x86_64.whl", hash = "sha256:1b05268ee64dbed8b20b1d2d800467cade05370b4cad42ead2c1676b86812632", size = 6067333, upload-time = "2025-09-23T15:25:27.428Z" },
    { url = "https://files.pythonhosted.org/packages/78/04/6bf049c201ab19b77badf39afc8bd3768e235982077115718f7f55f61608/polars_genson-0.3.0-cp39-abi3-win_amd64.whl", hash = "sha256:757a65585d2c9cb6a7d7900d7b5b1af857b972b30ac2d2829129ff7910dbd7b1", size = 6367482, upload-time = "2025-09-23T15:25:35.5Z" },
]

[package.optional-dependencies]
polars = [
    { name = "polars" },
]

[[package]]
name = "polars-genson-bench"
version = "0.1.0"
source = { virtual = "." }
dependencies = [
    { name = "polars-genson", extra = ["polars"] },
    { name = "pytest-benchmark" },
]

[package.metadata]
requires-dist = [
    { name = "polars-genson", extras = ["polars"], specifier = ">=0" },
    { name = "pytest-benchmark", specifier = ">=5.1.0" },
]

[[package]]
name = "py-cpuinfo"
version = "9.0.0"
source = { registry = "https://pypi.org/simple" }
sdist = { url = "https://files.pythonhosted.org/packages/37/a8/d832f7293ebb21690860d2e01d8115e5ff6f2ae8bbdc953f0eb0fa4bd2c7/py-cpuinfo-9.0.0.tar.gz", hash = "sha256:3cdbbf3fac90dc6f118bfd64384f309edeadd902d7c8fb17f02ffa1fc3f49690", size = 104716, upload-time = "2022-10-25T20:38:06.303Z" }
wheels = [
    { url = "https://files.pythonhosted.org/packages/e0/a9/023730ba63db1e494a271cb018dcd361bd2c917ba7004c3e49d5daf795a2/py_cpuinfo-9.0.0-py3-none-any.whl", hash = "sha256:859625bc251f64e21f077d099d4162689c762b5d6a4c3c97553d56241c9674d5", size = 22335, upload-time = "2022-10-25T20:38:27.636Z" },
]

[[package]]
name = "pygments"
version = "2.19.2"
source = { registry = "https://pypi.org/simple" }
sdist = { url = "https://files.pythonhosted.org/packages/b0/77/a5b8c569bf593b0140bde72ea885a803b82086995367bf2037de0159d924/pygments-2.19.2.tar.gz", hash = "sha256:636cb2477cec7f8952536970bc533bc43743542f70392ae026374600add5b887", size = 4968631, upload-time = "2025-06-21T13:39:12.283Z" }
wheels = [
    { url = "https://files.pythonhosted.org/packages/c7/21/705964c7812476f378728bdf590ca4b771ec72385c533964653c68e86bdc/pygments-2.19.2-py3-none-any.whl", hash = "sha256:86540386c03d588bb81d44bc3928634ff26449851e99741617ecb9037ee5ec0b", size = 1225217, upload-time = "2025-06-21T13:39:07.939Z" },
]

[[package]]
name = "pytest"
version = "8.4.2"
source = { registry = "https://pypi.org/simple" }
dependencies = [
    { name = "colorama", marker = "sys_platform == 'win32'" },
    { name = "iniconfig" },
    { name = "packaging" },
    { name = "pluggy" },
    { name = "pygments" },
]
sdist = { url = "https://files.pythonhosted.org/packages/a3/5c/00a0e072241553e1a7496d638deababa67c5058571567b92a7eaa258397c/pytest-8.4.2.tar.gz", hash = "sha256:86c0d0b93306b961d58d62a4db4879f27fe25513d4b969df351abdddb3c30e01", size = 1519618, upload-time = "2025-09-04T14:34:22.711Z" }
wheels = [
    { url = "https://files.pythonhosted.org/packages/a8/a4/20da314d277121d6534b3a980b29035dcd51e6744bd79075a6ce8fa4eb8d/pytest-8.4.2-py3-none-any.whl", hash = "sha256:872f880de3fc3a5bdc88a11b39c9710c3497a547cfa9320bc3c5e62fbf272e79", size = 365750, upload-time = "2025-09-04T14:34:20.226Z" },
]

[[package]]
name = "pytest-benchmark"
version = "5.1.0"
source = { registry = "https://pypi.org/simple" }
dependencies = [
    { name = "py-cpuinfo" },
    { name = "pytest" },
]
sdist = { url = "https://files.pythonhosted.org/packages/39/d0/a8bd08d641b393db3be3819b03e2d9bb8760ca8479080a26a5f6e540e99c/pytest-benchmark-5.1.0.tar.gz", hash = "sha256:9ea661cdc292e8231f7cd4c10b0319e56a2118e2c09d9f50e1b3d150d2aca105", size = 337810, upload-time = "2024-10-30T11:51:48.521Z" }
wheels = [
    { url = "https://files.pythonhosted.org/packages/9e/d6/b41653199ea09d5969d4e385df9bbfd9a100f28ca7e824ce7c0a016e3053/pytest_benchmark-5.1.0-py3-none-any.whl", hash = "sha256:922de2dfa3033c227c96da942d1878191afa135a29485fb942e85dff1c592c89", size = 44259, upload-time = "2024-10-30T11:51:45.94Z" },
]
